// !$*UTF8*$!
{
	archiveVersion = 1;
	classes = {
	};
	objectVersion = 46;
	objects = {

/* Begin PBXBuildFile section */
		25290DDD197128D800544891 /* ImageViewController.m in Sources */ = {isa = PBXBuildFile; fileRef = 25290DDC197128D800544891 /* ImageViewController.m */; };
		25290DE01971521300544891 /* PhotosByPhotographerCDTVC.m in Sources */ = {isa = PBXBuildFile; fileRef = 25290DDF1971521300544891 /* PhotosByPhotographerCDTVC.m */; };
		25290DE4197168AF00544891 /* PhotosCDTVC.m in Sources */ = {isa = PBXBuildFile; fileRef = 25290DE3197168AF00544891 /* PhotosCDTVC.m */; };
		252B3365196863D0009CD290 /* PhotomaniaAppDelegate+MOC.m in Sources */ = {isa = PBXBuildFile; fileRef = 252B3364196863CF009CD290 /* PhotomaniaAppDelegate+MOC.m */; };
		252D2BAD19729441006E07BA /* URLViewController.m in Sources */ = {isa = PBXBuildFile; fileRef = 252D2BAC19729441006E07BA /* URLViewController.m */; };
		253E78D519533F0B00C82E55 /* Foundation.framework in Frameworks */ = {isa = PBXBuildFile; fileRef = 253E78D419533F0B00C82E55 /* Foundation.framework */; };
		253E78D719533F0B00C82E55 /* CoreGraphics.framework in Frameworks */ = {isa = PBXBuildFile; fileRef = 253E78D619533F0B00C82E55 /* CoreGraphics.framework */; };
		253E78D919533F0B00C82E55 /* UIKit.framework in Frameworks */ = {isa = PBXBuildFile; fileRef = 253E78D819533F0B00C82E55 /* UIKit.framework */; };
		253E78DF19533F0B00C82E55 /* InfoPlist.strings in Resources */ = {isa = PBXBuildFile; fileRef = 253E78DD19533F0B00C82E55 /* InfoPlist.strings */; };
		253E78E119533F0B00C82E55 /* main.m in Sources */ = {isa = PBXBuildFile; fileRef = 253E78E019533F0B00C82E55 /* main.m */; };
		253E78E519533F0B00C82E55 /* PhotomaniaAppDelegate.m in Sources */ = {isa = PBXBuildFile; fileRef = 253E78E419533F0B00C82E55 /* PhotomaniaAppDelegate.m */; };
		253E78E819533F0B00C82E55 /* Main_iPhone.storyboard in Resources */ = {isa = PBXBuildFile; fileRef = 253E78E619533F0B00C82E55 /* Main_iPhone.storyboard */; };
		253E78EB19533F0B00C82E55 /* Main_iPad.storyboard in Resources */ = {isa = PBXBuildFile; fileRef = 253E78E919533F0B00C82E55 /* Main_iPad.storyboard */; };
		253E78EE19533F0B00C82E55 /* PhotomaniaViewController.m in Sources */ = {isa = PBXBuildFile; fileRef = 253E78ED19533F0B00C82E55 /* PhotomaniaViewController.m */; };
		253E78F019533F0B00C82E55 /* Images.xcassets in Resources */ = {isa = PBXBuildFile; fileRef = 253E78EF19533F0B00C82E55 /* Images.xcassets */; };
		253E78F719533F0B00C82E55 /* XCTest.framework in Frameworks */ = {isa = PBXBuildFile; fileRef = 253E78F619533F0B00C82E55 /* XCTest.framework */; };
		253E78F819533F0B00C82E55 /* Foundation.framework in Frameworks */ = {isa = PBXBuildFile; fileRef = 253E78D419533F0B00C82E55 /* Foundation.framework */; };
		253E78F919533F0B00C82E55 /* UIKit.framework in Frameworks */ = {isa = PBXBuildFile; fileRef = 253E78D819533F0B00C82E55 /* UIKit.framework */; };
		253E790119533F0C00C82E55 /* InfoPlist.strings in Resources */ = {isa = PBXBuildFile; fileRef = 253E78FF19533F0C00C82E55 /* InfoPlist.strings */; };
		253E790319533F0C00C82E55 /* PhotomaniaTests.m in Sources */ = {isa = PBXBuildFile; fileRef = 253E790219533F0C00C82E55 /* PhotomaniaTests.m */; };
		25437FC9195E939C005F4645 /* Photomania.xcdatamodeld in Sources */ = {isa = PBXBuildFile; fileRef = 25437FC7195E939C005F4645 /* Photomania.xcdatamodeld */; };
		25437FD2195E9497005F4645 /* Photographer.m in Sources */ = {isa = PBXBuildFile; fileRef = 25437FD1195E9497005F4645 /* Photographer.m */; };
		25437FD5195E9497005F4645 /* Photo.m in Sources */ = {isa = PBXBuildFile; fileRef = 25437FD4195E9497005F4645 /* Photo.m */; };
		25437FD8195E94F8005F4645 /* Photo+Flickr.m in Sources */ = {isa = PBXBuildFile; fileRef = 25437FD7195E94F8005F4645 /* Photo+Flickr.m */; };
		2543801E195E9A0A005F4645 /* FlickrFetcher.m in Sources */ = {isa = PBXBuildFile; fileRef = 2543801D195E9A0A005F4645 /* FlickrFetcher.m */; };
		25438021195EA081005F4645 /* Photographer+Create.m in Sources */ = {isa = PBXBuildFile; fileRef = 25438020195EA081005F4645 /* Photographer+Create.m */; };
		25B19E991963CBC900DF5C5A /* CoreDataTableViewController.m in Sources */ = {isa = PBXBuildFile; fileRef = 25B19E981963CBC900DF5C5A /* CoreDataTableViewController.m */; };
		25B19E9F1963CD0C00DF5C5A /* PhotographersCDTVC.m in Sources */ = {isa = PBXBuildFile; fileRef = 25B19E9E1963CD0C00DF5C5A /* PhotographersCDTVC.m */; };
/* End PBXBuildFile section */

/* Begin PBXContainerItemProxy section */
		253E78FA19533F0C00C82E55 /* PBXContainerItemProxy */ = {
			isa = PBXContainerItemProxy;
			containerPortal = 253E78C919533F0B00C82E55 /* Project object */;
			proxyType = 1;
			remoteGlobalIDString = 253E78D019533F0B00C82E55;
			remoteInfo = Photomania;
		};
/* End PBXContainerItemProxy section */

/* Begin PBXFileReference section */
		25290DDB197128D800544891 /* ImageViewController.h */ = {isa = PBXFileReference; fileEncoding = 4; lastKnownFileType = sourcecode.c.h; path = ImageViewController.h; sourceTree = "<group>"; };
		25290DDC197128D800544891 /* ImageViewController.m */ = {isa = PBXFileReference; fileEncoding = 4; lastKnownFileType = sourcecode.c.objc; path = ImageViewController.m; sourceTree = "<group>"; };
		25290DDE1971521300544891 /* PhotosByPhotographerCDTVC.h */ = {isa = PBXFileReference; fileEncoding = 4; lastKnownFileType = sourcecode.c.h; path = PhotosByPhotographerCDTVC.h; sourceTree = "<group>"; };
		25290DDF1971521300544891 /* PhotosByPhotographerCDTVC.m */ = {isa = PBXFileReference; fileEncoding = 4; lastKnownFileType = sourcecode.c.objc; path = PhotosByPhotographerCDTVC.m; sourceTree = "<group>"; };
		25290DE2197168AF00544891 /* PhotosCDTVC.h */ = {isa = PBXFileReference; fileEncoding = 4; lastKnownFileType = sourcecode.c.h; path = PhotosCDTVC.h; sourceTree = "<group>"; };
		25290DE3197168AF00544891 /* PhotosCDTVC.m */ = {isa = PBXFileReference; fileEncoding = 4; lastKnownFileType = sourcecode.c.objc; path = PhotosCDTVC.m; sourceTree = "<group>"; };
		252B3363196863CF009CD290 /* PhotomaniaAppDelegate+MOC.h */ = {isa = PBXFileReference; fileEncoding = 4; lastKnownFileType = sourcecode.c.h; path = "PhotomaniaAppDelegate+MOC.h"; sourceTree = "<group>"; };
		252B3364196863CF009CD290 /* PhotomaniaAppDelegate+MOC.m */ = {isa = PBXFileReference; fileEncoding = 4; lastKnownFileType = sourcecode.c.objc; path = "PhotomaniaAppDelegate+MOC.m"; sourceTree = "<group>"; };
		252D2BAB19729441006E07BA /* URLViewController.h */ = {isa = PBXFileReference; fileEncoding = 4; lastKnownFileType = sourcecode.c.h; path = URLViewController.h; sourceTree = "<group>"; };
		252D2BAC19729441006E07BA /* URLViewController.m */ = {isa = PBXFileReference; fileEncoding = 4; lastKnownFileType = sourcecode.c.objc; path = URLViewController.m; sourceTree = "<group>"; };
		253E78D119533F0B00C82E55 /* Photomania.app */ = {isa = PBXFileReference; explicitFileType = wrapper.application; includeInIndex = 0; path = Photomania.app; sourceTree = BUILT_PRODUCTS_DIR; };
		253E78D419533F0B00C82E55 /* Foundation.framework */ = {isa = PBXFileReference; lastKnownFileType = wrapper.framework; name = Foundation.framework; path = System/Library/Frameworks/Foundation.framework; sourceTree = SDKROOT; };
		253E78D619533F0B00C82E55 /* CoreGraphics.framework */ = {isa = PBXFileReference; lastKnownFileType = wrapper.framework; name = CoreGraphics.framework; path = System/Library/Frameworks/CoreGraphics.framework; sourceTree = SDKROOT; };
		253E78D819533F0B00C82E55 /* UIKit.framework */ = {isa = PBXFileReference; lastKnownFileType = wrapper.framework; name = UIKit.framework; path = System/Library/Frameworks/UIKit.framework; sourceTree = SDKROOT; };
		253E78DC19533F0B00C82E55 /* Photomania-Info.plist */ = {isa = PBXFileReference; lastKnownFileType = text.plist.xml; path = "Photomania-Info.plist"; sourceTree = "<group>"; };
		253E78DE19533F0B00C82E55 /* en */ = {isa = PBXFileReference; lastKnownFileType = text.plist.strings; name = en; path = en.lproj/InfoPlist.strings; sourceTree = "<group>"; };
		253E78E019533F0B00C82E55 /* main.m */ = {isa = PBXFileReference; lastKnownFileType = sourcecode.c.objc; path = main.m; sourceTree = "<group>"; };
		253E78E219533F0B00C82E55 /* Photomania-Prefix.pch */ = {isa = PBXFileReference; lastKnownFileType = sourcecode.c.h; path = "Photomania-Prefix.pch"; sourceTree = "<group>"; };
		253E78E319533F0B00C82E55 /* PhotomaniaAppDelegate.h */ = {isa = PBXFileReference; lastKnownFileType = sourcecode.c.h; path = PhotomaniaAppDelegate.h; sourceTree = "<group>"; };
		253E78E419533F0B00C82E55 /* PhotomaniaAppDelegate.m */ = {isa = PBXFileReference; lastKnownFileType = sourcecode.c.objc; path = PhotomaniaAppDelegate.m; sourceTree = "<group>"; };
		253E78E719533F0B00C82E55 /* Base */ = {isa = PBXFileReference; lastKnownFileType = file.storyboard; name = Base; path = Base.lproj/Main_iPhone.storyboard; sourceTree = "<group>"; };
		253E78EA19533F0B00C82E55 /* Base */ = {isa = PBXFileReference; lastKnownFileType = file.storyboard; name = Base; path = Base.lproj/Main_iPad.storyboard; sourceTree = "<group>"; };
		253E78EC19533F0B00C82E55 /* PhotomaniaViewController.h */ = {isa = PBXFileReference; lastKnownFileType = sourcecode.c.h; path = PhotomaniaViewController.h; sourceTree = "<group>"; };
		253E78ED19533F0B00C82E55 /* PhotomaniaViewController.m */ = {isa = PBXFileReference; lastKnownFileType = sourcecode.c.objc; path = PhotomaniaViewController.m; sourceTree = "<group>"; };
		253E78EF19533F0B00C82E55 /* Images.xcassets */ = {isa = PBXFileReference; lastKnownFileType = folder.assetcatalog; path = Images.xcassets; sourceTree = "<group>"; };
		253E78F519533F0B00C82E55 /* PhotomaniaTests.xctest */ = {isa = PBXFileReference; explicitFileType = wrapper.cfbundle; includeInIndex = 0; path = PhotomaniaTests.xctest; sourceTree = BUILT_PRODUCTS_DIR; };
		253E78F619533F0B00C82E55 /* XCTest.framework */ = {isa = PBXFileReference; lastKnownFileType = wrapper.framework; name = XCTest.framework; path = Library/Frameworks/XCTest.framework; sourceTree = DEVELOPER_DIR; };
		253E78FE19533F0C00C82E55 /* PhotomaniaTests-Info.plist */ = {isa = PBXFileReference; lastKnownFileType = text.plist.xml; path = "PhotomaniaTests-Info.plist"; sourceTree = "<group>"; };
		253E790019533F0C00C82E55 /* en */ = {isa = PBXFileReference; lastKnownFileType = text.plist.strings; name = en; path = en.lproj/InfoPlist.strings; sourceTree = "<group>"; };
		253E790219533F0C00C82E55 /* PhotomaniaTests.m */ = {isa = PBXFileReference; lastKnownFileType = sourcecode.c.objc; path = PhotomaniaTests.m; sourceTree = "<group>"; };
		25437FC8195E939C005F4645 /* Photomania.xcdatamodel */ = {isa = PBXFileReference; lastKnownFileType = wrapper.xcdatamodel; path = Photomania.xcdatamodel; sourceTree = "<group>"; };
		25437FD0195E9497005F4645 /* Photographer.h */ = {isa = PBXFileReference; fileEncoding = 4; lastKnownFileType = sourcecode.c.h; path = Photographer.h; sourceTree = "<group>"; };
		25437FD1195E9497005F4645 /* Photographer.m */ = {isa = PBXFileReference; fileEncoding = 4; lastKnownFileType = sourcecode.c.objc; path = Photographer.m; sourceTree = "<group>"; };
		25437FD3195E9497005F4645 /* Photo.h */ = {isa = PBXFileReference; fileEncoding = 4; lastKnownFileType = sourcecode.c.h; path = Photo.h; sourceTree = "<group>"; };
		25437FD4195E9497005F4645 /* Photo.m */ = {isa = PBXFileReference; fileEncoding = 4; lastKnownFileType = sourcecode.c.objc; path = Photo.m; sourceTree = "<group>"; };
		25437FD6195E94F7005F4645 /* Photo+Flickr.h */ = {isa = PBXFileReference; fileEncoding = 4; lastKnownFileType = sourcecode.c.h; path = "Photo+Flickr.h"; sourceTree = "<group>"; };
		25437FD7195E94F8005F4645 /* Photo+Flickr.m */ = {isa = PBXFileReference; fileEncoding = 4; lastKnownFileType = sourcecode.c.objc; path = "Photo+Flickr.m"; sourceTree = "<group>"; };
		2543801B195E9A0A005F4645 /* FlickrAPIKey.h */ = {isa = PBXFileReference; fileEncoding = 4; lastKnownFileType = sourcecode.c.h; path = FlickrAPIKey.h; sourceTree = "<group>"; };
		2543801C195E9A0A005F4645 /* FlickrFetcher.h */ = {isa = PBXFileReference; fileEncoding = 4; lastKnownFileType = sourcecode.c.h; path = FlickrFetcher.h; sourceTree = "<group>"; };
		2543801D195E9A0A005F4645 /* FlickrFetcher.m */ = {isa = PBXFileReference; fileEncoding = 4; lastKnownFileType = sourcecode.c.objc; path = FlickrFetcher.m; sourceTree = "<group>"; };
		2543801F195EA081005F4645 /* Photographer+Create.h */ = {isa = PBXFileReference; fileEncoding = 4; lastKnownFileType = sourcecode.c.h; path = "Photographer+Create.h"; sourceTree = "<group>"; };
		25438020195EA081005F4645 /* Photographer+Create.m */ = {isa = PBXFileReference; fileEncoding = 4; lastKnownFileType = sourcecode.c.objc; path = "Photographer+Create.m"; sourceTree = "<group>"; };
		25B19E971963CBC900DF5C5A /* CoreDataTableViewController.h */ = {isa = PBXFileReference; fileEncoding = 4; lastKnownFileType = sourcecode.c.h; path = CoreDataTableViewController.h; sourceTree = "<group>"; };
		25B19E981963CBC900DF5C5A /* CoreDataTableViewController.m */ = {isa = PBXFileReference; fileEncoding = 4; lastKnownFileType = sourcecode.c.objc; path = CoreDataTableViewController.m; sourceTree = "<group>"; };
		25B19E9D1963CD0C00DF5C5A /* PhotographersCDTVC.h */ = {isa = PBXFileReference; fileEncoding = 4; lastKnownFileType = sourcecode.c.h; path = PhotographersCDTVC.h; sourceTree = "<group>"; };
		25B19E9E1963CD0C00DF5C5A /* PhotographersCDTVC.m */ = {isa = PBXFileReference; fileEncoding = 4; lastKnownFileType = sourcecode.c.objc; path = PhotographersCDTVC.m; sourceTree = "<group>"; };
		25F2AA08196940F10052B29D /* PhotoDatabaseAvailability.h */ = {isa = PBXFileReference; lastKnownFileType = sourcecode.c.h; path = PhotoDatabaseAvailability.h; sourceTree = "<group>"; };
/* End PBXFileReference section */

/* Begin PBXFrameworksBuildPhase section */
		253E78CE19533F0B00C82E55 /* Frameworks */ = {
			isa = PBXFrameworksBuildPhase;
			buildActionMask = 2147483647;
			files = (
				253E78D719533F0B00C82E55 /* CoreGraphics.framework in Frameworks */,
				253E78D919533F0B00C82E55 /* UIKit.framework in Frameworks */,
				253E78D519533F0B00C82E55 /* Foundation.framework in Frameworks */,
			);
			runOnlyForDeploymentPostprocessing = 0;
		};
		253E78F219533F0B00C82E55 /* Frameworks */ = {
			isa = PBXFrameworksBuildPhase;
			buildActionMask = 2147483647;
			files = (
				253E78F719533F0B00C82E55 /* XCTest.framework in Frameworks */,
				253E78F919533F0B00C82E55 /* UIKit.framework in Frameworks */,
				253E78F819533F0B00C82E55 /* Foundation.framework in Frameworks */,
			);
			runOnlyForDeploymentPostprocessing = 0;
		};
/* End PBXFrameworksBuildPhase section */

/* Begin PBXGroup section */
		25290DE11971536400544891 /* Core Data Model */ = {
			isa = PBXGroup;
			children = (
				25437FD6195E94F7005F4645 /* Photo+Flickr.h */,
				25437FD7195E94F8005F4645 /* Photo+Flickr.m */,
				2543801F195EA081005F4645 /* Photographer+Create.h */,
				25438020195EA081005F4645 /* Photographer+Create.m */,
				25437FD3195E9497005F4645 /* Photo.h */,
				25437FD4195E9497005F4645 /* Photo.m */,
				25437FD0195E9497005F4645 /* Photographer.h */,
				25437FD1195E9497005F4645 /* Photographer.m */,
			);
			name = "Core Data Model";
			sourceTree = "<group>";
		};
		252B3362196863CF009CD290 /* MOC */ = {
			isa = PBXGroup;
			children = (
				252B3363196863CF009CD290 /* PhotomaniaAppDelegate+MOC.h */,
				252B3364196863CF009CD290 /* PhotomaniaAppDelegate+MOC.m */,
			);
			path = MOC;
			sourceTree = "<group>";
		};
		252D2BAE19729469006E07BA /* Controllers */ = {
			isa = PBXGroup;
			children = (
				25B19E9D1963CD0C00DF5C5A /* PhotographersCDTVC.h */,
				25B19E9E1963CD0C00DF5C5A /* PhotographersCDTVC.m */,
				25290DDE1971521300544891 /* PhotosByPhotographerCDTVC.h */,
				25290DDF1971521300544891 /* PhotosByPhotographerCDTVC.m */,
				25290DE2197168AF00544891 /* PhotosCDTVC.h */,
				25290DE3197168AF00544891 /* PhotosCDTVC.m */,
				252D2BAB19729441006E07BA /* URLViewController.h */,
				252D2BAC19729441006E07BA /* URLViewController.m */,
				25290DDB197128D800544891 /* ImageViewController.h */,
				25290DDC197128D800544891 /* ImageViewController.m */,
				253E78EC19533F0B00C82E55 /* PhotomaniaViewController.h */,
				253E78ED19533F0B00C82E55 /* PhotomaniaViewController.m */,
			);
			name = Controllers;
			sourceTree = "<group>";
		};
		253E78C819533F0B00C82E55 = {
			isa = PBXGroup;
			children = (
				253E78DA19533F0B00C82E55 /* Photomania */,
				253E78FC19533F0C00C82E55 /* PhotomaniaTests */,
				253E78D319533F0B00C82E55 /* Frameworks */,
				253E78D219533F0B00C82E55 /* Products */,
			);
			sourceTree = "<group>";
		};
		253E78D219533F0B00C82E55 /* Products */ = {
			isa = PBXGroup;
			children = (
				253E78D119533F0B00C82E55 /* Photomania.app */,
				253E78F519533F0B00C82E55 /* PhotomaniaTests.xctest */,
			);
			name = Products;
			sourceTree = "<group>";
		};
		253E78D319533F0B00C82E55 /* Frameworks */ = {
			isa = PBXGroup;
			children = (
				253E78D419533F0B00C82E55 /* Foundation.framework */,
				253E78D619533F0B00C82E55 /* CoreGraphics.framework */,
				253E78D819533F0B00C82E55 /* UIKit.framework */,
				253E78F619533F0B00C82E55 /* XCTest.framework */,
			);
			name = Frameworks;
			sourceTree = "<group>";
		};
		253E78DA19533F0B00C82E55 /* Photomania */ = {
			isa = PBXGroup;
			children = (
				25F2AA08196940F10052B29D /* PhotoDatabaseAvailability.h */,
				252D2BAE19729469006E07BA /* Controllers */,
				253E78E619533F0B00C82E55 /* Main_iPhone.storyboard */,
				253E78E919533F0B00C82E55 /* Main_iPad.storyboard */,
				253E78EF19533F0B00C82E55 /* Images.xcassets */,
				25437FC7195E939C005F4645 /* Photomania.xcdatamodeld */,
				25290DE11971536400544891 /* Core Data Model */,
				25B19E961963CBC900DF5C5A /* CoreDataTableViewController */,
				2543801A195E9A0A005F4645 /* Flickr Fetcher */,
				253E78E319533F0B00C82E55 /* PhotomaniaAppDelegate.h */,
				253E78E419533F0B00C82E55 /* PhotomaniaAppDelegate.m */,
				253E78DB19533F0B00C82E55 /* Supporting Files */,
			);
			path = Photomania;
			sourceTree = "<group>";
		};
		253E78DB19533F0B00C82E55 /* Supporting Files */ = {
			isa = PBXGroup;
			children = (
				253E78DC19533F0B00C82E55 /* Photomania-Info.plist */,
				253E78DD19533F0B00C82E55 /* InfoPlist.strings */,
				253E78E019533F0B00C82E55 /* main.m */,
				253E78E219533F0B00C82E55 /* Photomania-Prefix.pch */,
			);
			name = "Supporting Files";
			sourceTree = "<group>";
		};
		253E78FC19533F0C00C82E55 /* PhotomaniaTests */ = {
			isa = PBXGroup;
			children = (
				253E790219533F0C00C82E55 /* PhotomaniaTests.m */,
				253E78FD19533F0C00C82E55 /* Supporting Files */,
			);
			path = PhotomaniaTests;
			sourceTree = "<group>";
		};
		253E78FD19533F0C00C82E55 /* Supporting Files */ = {
			isa = PBXGroup;
			children = (
				253E78FE19533F0C00C82E55 /* PhotomaniaTests-Info.plist */,
				253E78FF19533F0C00C82E55 /* InfoPlist.strings */,
			);
			name = "Supporting Files";
			sourceTree = "<group>";
		};
		2543801A195E9A0A005F4645 /* Flickr Fetcher */ = {
			isa = PBXGroup;
			children = (
				2543801B195E9A0A005F4645 /* FlickrAPIKey.h */,
				2543801C195E9A0A005F4645 /* FlickrFetcher.h */,
				2543801D195E9A0A005F4645 /* FlickrFetcher.m */,
			);
			path = "Flickr Fetcher";
			sourceTree = "<group>";
		};
		25B19E961963CBC900DF5C5A /* CoreDataTableViewController */ = {
			isa = PBXGroup;
			children = (
				252B3362196863CF009CD290 /* MOC */,
				25B19E971963CBC900DF5C5A /* CoreDataTableViewController.h */,
				25B19E981963CBC900DF5C5A /* CoreDataTableViewController.m */,
			);
			path = CoreDataTableViewController;
			sourceTree = "<group>";
		};
/* End PBXGroup section */

/* Begin PBXNativeTarget section */
		253E78D019533F0B00C82E55 /* Photomania */ = {
			isa = PBXNativeTarget;
			buildConfigurationList = 253E790619533F0C00C82E55 /* Build configuration list for PBXNativeTarget "Photomania" */;
			buildPhases = (
				253E78CD19533F0B00C82E55 /* Sources */,
				253E78CE19533F0B00C82E55 /* Frameworks */,
				253E78CF19533F0B00C82E55 /* Resources */,
			);
			buildRules = (
			);
			dependencies = (
			);
			name = Photomania;
			productName = Photomania;
			productReference = 253E78D119533F0B00C82E55 /* Photomania.app */;
			productType = "com.apple.product-type.application";
		};
		253E78F419533F0B00C82E55 /* PhotomaniaTests */ = {
			isa = PBXNativeTarget;
			buildConfigurationList = 253E790919533F0C00C82E55 /* Build configuration list for PBXNativeTarget "PhotomaniaTests" */;
			buildPhases = (
				253E78F119533F0B00C82E55 /* Sources */,
				253E78F219533F0B00C82E55 /* Frameworks */,
				253E78F319533F0B00C82E55 /* Resources */,
			);
			buildRules = (
			);
			dependencies = (
				253E78FB19533F0C00C82E55 /* PBXTargetDependency */,
			);
			name = PhotomaniaTests;
			productName = PhotomaniaTests;
			productReference = 253E78F519533F0B00C82E55 /* PhotomaniaTests.xctest */;
			productType = "com.apple.product-type.bundle.unit-test";
		};
/* End PBXNativeTarget section */

/* Begin PBXProject section */
		253E78C919533F0B00C82E55 /* Project object */ = {
			isa = PBXProject;
			attributes = {
				CLASSPREFIX = Photomania;
				LastUpgradeCheck = 0510;
				ORGANIZATIONNAME = "Karthik's App House";
				TargetAttributes = {
					253E78F419533F0B00C82E55 = {
						TestTargetID = 253E78D019533F0B00C82E55;
					};
				};
			};
			buildConfigurationList = 253E78CC19533F0B00C82E55 /* Build configuration list for PBXProject "Photomania" */;
			compatibilityVersion = "Xcode 3.2";
			developmentRegion = English;
			hasScannedForEncodings = 0;
			knownRegions = (
				en,
				Base,
			);
			mainGroup = 253E78C819533F0B00C82E55;
			productRefGroup = 253E78D219533F0B00C82E55 /* Products */;
			projectDirPath = "";
			projectRoot = "";
			targets = (
				253E78D019533F0B00C82E55 /* Photomania */,
				253E78F419533F0B00C82E55 /* PhotomaniaTests */,
			);
		};
/* End PBXProject section */

/* Begin PBXResourcesBuildPhase section */
		253E78CF19533F0B00C82E55 /* Resources */ = {
			isa = PBXResourcesBuildPhase;
			buildActionMask = 2147483647;
			files = (
				253E78EB19533F0B00C82E55 /* Main_iPad.storyboard in Resources */,
				253E78F019533F0B00C82E55 /* Images.xcassets in Resources */,
				253E78E819533F0B00C82E55 /* Main_iPhone.storyboard in Resources */,
				253E78DF19533F0B00C82E55 /* InfoPlist.strings in Resources */,
			);
			runOnlyForDeploymentPostprocessing = 0;
		};
		253E78F319533F0B00C82E55 /* Resources */ = {
			isa = PBXResourcesBuildPhase;
			buildActionMask = 2147483647;
			files = (
				253E790119533F0C00C82E55 /* InfoPlist.strings in Resources */,
			);
			runOnlyForDeploymentPostprocessing = 0;
		};
/* End PBXResourcesBuildPhase section */

/* Begin PBXSourcesBuildPhase section */
		253E78CD19533F0B00C82E55 /* Sources */ = {
			isa = PBXSourcesBuildPhase;
			buildActionMask = 2147483647;
			files = (
				252D2BAD19729441006E07BA /* URLViewController.m in Sources */,
				252B3365196863D0009CD290 /* PhotomaniaAppDelegate+MOC.m in Sources */,
				25437FD5195E9497005F4645 /* Photo.m in Sources */,
				25B19E9F1963CD0C00DF5C5A /* PhotographersCDTVC.m in Sources */,
				25437FD8195E94F8005F4645 /* Photo+Flickr.m in Sources */,
				253E78E519533F0B00C82E55 /* PhotomaniaAppDelegate.m in Sources */,
				25290DE01971521300544891 /* PhotosByPhotographerCDTVC.m in Sources */,
				25290DE4197168AF00544891 /* PhotosCDTVC.m in Sources */,
				25290DDD197128D800544891 /* ImageViewController.m in Sources */,
				25438021195EA081005F4645 /* Photographer+Create.m in Sources */,
				25B19E991963CBC900DF5C5A /* CoreDataTableViewController.m in Sources */,
				253E78E119533F0B00C82E55 /* main.m in Sources */,
				253E78EE19533F0B00C82E55 /* PhotomaniaViewController.m in Sources */,
				25437FD2195E9497005F4645 /* Photographer.m in Sources */,
				2543801E195E9A0A005F4645 /* FlickrFetcher.m in Sources */,
				25437FC9195E939C005F4645 /* Photomania.xcdatamodeld in Sources */,
			);
			runOnlyForDeploymentPostprocessing = 0;
		};
		253E78F119533F0B00C82E55 /* Sources */ = {
			isa = PBXSourcesBuildPhase;
			buildActionMask = 2147483647;
			files = (
				253E790319533F0C00C82E55 /* PhotomaniaTests.m in Sources */,
			);
			runOnlyForDeploymentPostprocessing = 0;
		};
/* End PBXSourcesBuildPhase section */

/* Begin PBXTargetDependency section */
		253E78FB19533F0C00C82E55 /* PBXTargetDependency */ = {
			isa = PBXTargetDependency;
			target = 253E78D019533F0B00C82E55 /* Photomania */;
			targetProxy = 253E78FA19533F0C00C82E55 /* PBXContainerItemProxy */;
		};
/* End PBXTargetDependency section */

/* Begin PBXVariantGroup section */
		253E78DD19533F0B00C82E55 /* InfoPlist.strings */ = {
			isa = PBXVariantGroup;
			children = (
				253E78DE19533F0B00C82E55 /* en */,
			);
			name = InfoPlist.strings;
			sourceTree = "<group>";
		};
		253E78E619533F0B00C82E55 /* Main_iPhone.storyboard */ = {
			isa = PBXVariantGroup;
			children = (
				253E78E719533F0B00C82E55 /* Base */,
			);
			name = Main_iPhone.storyboard;
			sourceTree = "<group>";
		};
		253E78E919533F0B00C82E55 /* Main_iPad.storyboard */ = {
			isa = PBXVariantGroup;
			children = (
				253E78EA19533F0B00C82E55 /* Base */,
			);
			name = Main_iPad.storyboard;
			sourceTree = "<group>";
		};
		253E78FF19533F0C00C82E55 /* InfoPlist.strings */ = {
			isa = PBXVariantGroup;
			children = (
				253E790019533F0C00C82E55 /* en */,
			);
			name = InfoPlist.strings;
			sourceTree = "<group>";
		};
/* End PBXVariantGroup section */

/* Begin XCBuildConfiguration section */
		253E790419533F0C00C82E55 /* Debug */ = {
			isa = XCBuildConfiguration;
			buildSettings = {
				ALWAYS_SEARCH_USER_PATHS = NO;
				CLANG_CXX_LANGUAGE_STANDARD = "gnu++0x";
				CLANG_CXX_LIBRARY = "libc++";
				CLANG_ENABLE_MODULES = YES;
				CLANG_ENABLE_OBJC_ARC = YES;
				CLANG_WARN_BOOL_CONVERSION = YES;
				CLANG_WARN_CONSTANT_CONVERSION = YES;
				CLANG_WARN_DIRECT_OBJC_ISA_USAGE = YES_ERROR;
				CLANG_WARN_EMPTY_BODY = YES;
				CLANG_WARN_ENUM_CONVERSION = YES;
				CLANG_WARN_INT_CONVERSION = YES;
				CLANG_WARN_OBJC_ROOT_CLASS = YES_ERROR;
				CLANG_WARN__DUPLICATE_METHOD_MATCH = YES;
				"CODE_SIGN_IDENTITY[sdk=iphoneos*]" = "iPhone Developer";
				COPY_PHASE_STRIP = NO;
				GCC_C_LANGUAGE_STANDARD = gnu99;
				GCC_DYNAMIC_NO_PIC = NO;
				GCC_OPTIMIZATION_LEVEL = 0;
				GCC_PREPROCESSOR_DEFINITIONS = (
					"DEBUG=1",
					"$(inherited)",
				);
				GCC_SYMBOLS_PRIVATE_EXTERN = NO;
				GCC_WARN_64_TO_32_BIT_CONVERSION = YES;
				GCC_WARN_ABOUT_RETURN_TYPE = YES_ERROR;
				GCC_WARN_UNDECLARED_SELECTOR = YES;
				GCC_WARN_UNINITIALIZED_AUTOS = YES_AGGRESSIVE;
				GCC_WARN_UNUSED_FUNCTION = YES;
				GCC_WARN_UNUSED_VARIABLE = YES;
				IPHONEOS_DEPLOYMENT_TARGET = 7.1;
				ONLY_ACTIVE_ARCH = YES;
				SDKROOT = iphoneos;
				TARGETED_DEVICE_FAMILY = "1,2";
			};
			name = Debug;
		};
		253E790519533F0C00C82E55 /* Release */ = {
			isa = XCBuildConfiguration;
			buildSettings = {
				ALWAYS_SEARCH_USER_PATHS = NO;
				CLANG_CXX_LANGUAGE_STANDARD = "gnu++0x";
				CLANG_CXX_LIBRARY = "libc++";
				CLANG_ENABLE_MODULES = YES;
				CLANG_ENABLE_OBJC_ARC = YES;
				CLANG_WARN_BOOL_CONVERSION = YES;
				CLANG_WARN_CONSTANT_CONVERSION = YES;
				CLANG_WARN_DIRECT_OBJC_ISA_USAGE = YES_ERROR;
				CLANG_WARN_EMPTY_BODY = YES;
				CLANG_WARN_ENUM_CONVERSION = YES;
				CLANG_WARN_INT_CONVERSION = YES;
				CLANG_WARN_OBJC_ROOT_CLASS = YES_ERROR;
				CLANG_WARN__DUPLICATE_METHOD_MATCH = YES;
				"CODE_SIGN_IDENTITY[sdk=iphoneos*]" = "iPhone Developer";
				COPY_PHASE_STRIP = YES;
				ENABLE_NS_ASSERTIONS = NO;
				GCC_C_LANGUAGE_STANDARD = gnu99;
				GCC_WARN_64_TO_32_BIT_CONVERSION = YES;
				GCC_WARN_ABOUT_RETURN_TYPE = YES_ERROR;
				GCC_WARN_UNDECLARED_SELECTOR = YES;
				GCC_WARN_UNINITIALIZED_AUTOS = YES_AGGRESSIVE;
				GCC_WARN_UNUSED_FUNCTION = YES;
				GCC_WARN_UNUSED_VARIABLE = YES;
				IPHONEOS_DEPLOYMENT_TARGET = 7.1;
				SDKROOT = iphoneos;
				TARGETED_DEVICE_FAMILY = "1,2";
				VALIDATE_PRODUCT = YES;
			};
			name = Release;
		};
		253E790719533F0C00C82E55 /* Debug */ = {
			isa = XCBuildConfiguration;
			buildSettings = {
				ASSETCATALOG_COMPILER_APPICON_NAME = AppIcon;
				ASSETCATALOG_COMPILER_LAUNCHIMAGE_NAME = LaunchImage;
				GCC_PRECOMPILE_PREFIX_HEADER = YES;
				GCC_PREFIX_HEADER = "Photomania/Photomania-Prefix.pch";
				INFOPLIST_FILE = "Photomania/Photomania-Info.plist";
				IPHONEOS_DEPLOYMENT_TARGET = 7.1;
				PRODUCT_NAME = "$(TARGET_NAME)";
				WRAPPER_EXTENSION = app;
			};
			name = Debug;
		};
		253E790819533F0C00C82E55 /* Release */ = {
			isa = XCBuildConfiguration;
			buildSettings = {
				ASSETCATALOG_COMPILER_APPICON_NAME = AppIcon;
				ASSETCATALOG_COMPILER_LAUNCHIMAGE_NAME = LaunchImage;
				GCC_PRECOMPILE_PREFIX_HEADER = YES;
				GCC_PREFIX_HEADER = "Photomania/Photomania-Prefix.pch";
				INFOPLIST_FILE = "Photomania/Photomania-Info.plist";
				IPHONEOS_DEPLOYMENT_TARGET = 7.1;
				PRODUCT_NAME = "$(TARGET_NAME)";
				WRAPPER_EXTENSION = app;
			};
			name = Release;
		};
		253E790A19533F0C00C82E55 /* Debug */ = {
			isa = XCBuildConfiguration;
			buildSettings = {
				BUNDLE_LOADER = "$(BUILT_PRODUCTS_DIR)/Photomania.app/Photomania";
				FRAMEWORK_SEARCH_PATHS = (
					"$(SDKROOT)/Developer/Library/Frameworks",
					"$(inherited)",
					"$(DEVELOPER_FRAMEWORKS_DIR)",
				);
				GCC_PRECOMPILE_PREFIX_HEADER = YES;
				GCC_PREFIX_HEADER = "Photomania/Photomania-Prefix.pch";
				GCC_PREPROCESSOR_DEFINITIONS = (
					"DEBUG=1",
					"$(inherited)",
				);
				INFOPLIST_FILE = "PhotomaniaTests/PhotomaniaTests-Info.plist";
				PRODUCT_NAME = "$(TARGET_NAME)";
				TEST_HOST = "$(BUNDLE_LOADER)";
				WRAPPER_EXTENSION = xctest;
			};
			name = Debug;
		};
		253E790B19533F0C00C82E55 /* Release */ = {
			isa = XCBuildConfiguration;
			buildSettings = {
				BUNDLE_LOADER = "$(BUILT_PRODUCTS_DIR)/Photomania.app/Photomania";
				FRAMEWORK_SEARCH_PATHS = (
					"$(SDKROOT)/Developer/Library/Frameworks",
					"$(inherited)",
					"$(DEVELOPER_FRAMEWORKS_DIR)",
				);
				GCC_PRECOMPILE_PREFIX_HEADER = YES;
				GCC_PREFIX_HEADER = "Photomania/Photomania-Prefix.pch";
				INFOPLIST_FILE = "PhotomaniaTests/PhotomaniaTests-Info.plist";
				PRODUCT_NAME = "$(TARGET_NAME)";
				TEST_HOST = "$(BUNDLE_LOADER)";
				WRAPPER_EXTENSION = xctest;
			};
			name = Release;
		};
/* End XCBuildConfiguration section */

/* Begin XCConfigurationList section */
		253E78CC19533F0B00C82E55 /* Build configuration list for PBXProject "Photomania" */ = {
			isa = XCConfigurationList;
			buildConfigurations = (
				253E790419533F0C00C82E55 /* Debug */,
				253E790519533F0C00C82E55 /* Release */,
			);
			defaultConfigurationIsVisible = 0;
			defaultConfigurationName = Release;
		};
		253E790619533F0C00C82E55 /* Build configuration list for PBXNativeTarget "Photomania" */ = {
			isa = XCConfigurationList;
			buildConfigurations = (
				253E790719533F0C00C82E55 /* Debug */,
				253E790819533F0C00C82E55 /* Release */,
			);
			defaultConfigurationIsVisible = 0;
			defaultConfigurationName = Release;
		};
		253E790919533F0C00C82E55 /* Build configuration list for PBXNativeTarget "PhotomaniaTests" */ = {
			isa = XCConfigurationList;
			buildConfigurations = (
				253E790A19533F0C00C82E55 /* Debug */,
				253E790B19533F0C00C82E55 /* Release */,
			);
			defaultConfigurationIsVisible = 0;
			defaultConfigurationName = Release;
		};
/* End XCConfigurationList section */

/* Begin XCVersionGroup section */
		25437FC7195E939C005F4645 /* Photomania.xcdatamodeld */ = {
			isa = XCVersionGroup;
			children = (
				25437FC8195E939C005F4645 /* Photomania.xcdatamodel */,
			);
			currentVersion = 25437FC8195E939C005F4645 /* Photomania.xcdatamodel */;
			path = Photomania.xcdatamodeld;
			sourceTree = "<group>";
			versionGroupType = wrapper.xcdatamodel;
		};
/* End XCVersionGroup section */
	};
	rootObject = 253E78C919533F0B00C82E55 /* Project object */;
}
